
Microsoft Visual Studio Solution File, Format Version 12.00
# Visual Studio Version 16
VisualStudioVersion = 16.0.30204.135
MinimumVisualStudioVersion = 10.0.40219.1
Project("{9A19103F-16F7-4668-BE54-9A1E7A4F7556}") = "Sender", "Sender\Sender.csproj", "{B30E39C4-1C87-4A11-B457-414884371F55}"
EndProject
Project("{9A19103F-16F7-4668-BE54-9A1E7A4F7556}") = "Shared", "Shared\Shared.csproj", "{07D153C4-7EDE-41F2-A3B9-9AD205044EB1}"
EndProject
Project("{9A19103F-16F7-4668-BE54-9A1E7A4F7556}") = "StrategicReceiver", "StrategicReceiver\StrategicReceiver.csproj", "{FF77BD16-9045-4E0D-A0B8-19387CED52E1}"
EndProject
Project("{9A19103F-16F7-4668-BE54-9A1E7A4F7556}") = "RegularReceiver", "RegularReceiver\RegularReceiver.csproj", "{5BACFF65-1218-4C70-A3B3-9D54A3A9C242}"
EndProject
Project("{9A19103F-16F7-4668-BE54-9A1E7A4F7556}") = "StrategicReceiver.Interceptor", "StrategicReceiver.Sender\StrategicReceiver.Interceptor.csproj", "{B281D5F7-3D6A-4CF4-A3D0-9960375D223C}"
EndProject
Project("{FAE04EC0-301F-11D3-BF4B-00C04F79EFBC}") = "RegularReceiver.Interceptor", "RegularInterceptor\RegularReceiver.Interceptor.csproj", "{C85C8AD9-42C6-4FE4-B424-D658B705C723}"
EndProject
Global
	GlobalSection(SolutionConfigurationPlatforms) = preSolution
		Debug|Any CPU = Debug|Any CPU
		Release|Any CPU = Release|Any CPU
	EndGlobalSection
	GlobalSection(ProjectConfigurationPlatforms) = postSolution
		{B30E39C4-1C87-4A11-B457-414884371F55}.Debug|Any CPU.ActiveCfg = Debug|Any CPU
		{B30E39C4-1C87-4A11-B457-414884371F55}.Debug|Any CPU.Build.0 = Debug|Any CPU
		{B30E39C4-1C87-4A11-B457-414884371F55}.Release|Any CPU.ActiveCfg = Release|Any CPU
		{B30E39C4-1C87-4A11-B457-414884371F55}.Release|Any CPU.Build.0 = Release|Any CPU
		{07D153C4-7EDE-41F2-A3B9-9AD205044EB1}.Debug|Any CPU.ActiveCfg = Debug|Any CPU
		{07D153C4-7EDE-41F2-A3B9-9AD205044EB1}.Debug|Any CPU.Build.0 = Debug|Any CPU
		{07D153C4-7EDE-41F2-A3B9-9AD205044EB1}.Release|Any CPU.ActiveCfg = Release|Any CPU
		{07D153C4-7EDE-41F2-A3B9-9AD205044EB1}.Release|Any CPU.Build.0 = Release|Any CPU
		{FF77BD16-9045-4E0D-A0B8-19387CED52E1}.Debug|Any CPU.ActiveCfg = Debug|Any CPU
		{FF77BD16-9045-4E0D-A0B8-19387CED52E1}.Debug|Any CPU.Build.0 = Debug|Any CPU
		{FF77BD16-9045-4E0D-A0B8-19387CED52E1}.Release|Any CPU.ActiveCfg = Release|Any CPU
		{FF77BD16-9045-4E0D-A0B8-19387CED52E1}.Release|Any CPU.Build.0 = Release|Any CPU
		{5BACFF65-1218-4C70-A3B3-9D54A3A9C242}.Debug|Any CPU.ActiveCfg = Debug|Any CPU
		{5BACFF65-1218-4C70-A3B3-9D54A3A9C242}.Debug|Any CPU.Build.0 = Debug|Any CPU
		{5BACFF65-1218-4C70-A3B3-9D54A3A9C242}.Release|Any CPU.ActiveCfg = Release|Any CPU
		{5BACFF65-1218-4C70-A3B3-9D54A3A9C242}.Release|Any CPU.Build.0 = Release|Any CPU
		{B281D5F7-3D6A-4CF4-A3D0-9960375D223C}.Debug|Any CPU.ActiveCfg = Debug|Any CPU
		{B281D5F7-3D6A-4CF4-A3D0-9960375D223C}.Debug|Any CPU.Build.0 = Debug|Any CPU
		{B281D5F7-3D6A-4CF4-A3D0-9960375D223C}.Release|Any CPU.ActiveCfg = Release|Any CPU
		{B281D5F7-3D6A-4CF4-A3D0-9960375D223C}.Release|Any CPU.Build.0 = Release|Any CPU
		{C85C8AD9-42C6-4FE4-B424-D658B705C723}.Debug|Any CPU.ActiveCfg = Debug|Any CPU
		{C85C8AD9-42C6-4FE4-B424-D658B705C723}.Debug|Any CPU.Build.0 = Debug|Any CPU
		{C85C8AD9-42C6-4FE4-B424-D658B705C723}.Release|Any CPU.ActiveCfg = Release|Any CPU
		{C85C8AD9-42C6-4FE4-B424-D658B705C723}.Release|Any CPU.Build.0 = Release|Any CPU
	EndGlobalSection
	GlobalSection(SolutionProperties) = preSolution
		HideSolutionNode = FALSE
	EndGlobalSection
	GlobalSection(ExtensibilityGlobals) = postSolution
		SolutionGuid = {0ABB94DB-6D7F-4F60-8659-559223E72AF0}
	EndGlobalSection
EndGlobal
